<?xml version="1.0" encoding="utf-8"?>
<Project ToolsVersion="4.0" xmlns="http://schemas.microsoft.com/developer/msbuild/2003">
  <ItemGroup>
    <ClCompile Include="init.c" />
    <ClCompile Include="nt.c" />
    <ClCompile Include="communic\vmwrpc.c" />
    <ClCompile Include="communic\communic.c" />
    <ClCompile Include="communic\uart.c" />
    <ClCompile Include="kdimpl\kdapi.c" />
    <ClCompile Include="kdimpl\swc.c" />
    <ClCompile Include="kdimpl\kdbp.c" />
    <ClCompile Include="kdimpl\report.c" />
    <ClCompile Include="kdimpl\kdmem.c" />
    <ClCompile Include="hde64\hde64.c" />
  </ItemGroup>
  <ItemGroup>
    <ClInclude Include="inc\kd.h" />
    <ClInclude Include="inc\vmwrpc.h" />
    <ClInclude Include="inc\dbgkd.h" />
    <ClInclude Include="inc\kdapi.h" />
    <ClInclude Include="inc\uart.h" />
    <ClInclude Include="inc\pt.h" />
    <ClInclude Include="hde64\hde64.h" />
    <ClInclude Include="hde64\table64.h" />
  </ItemGroup>
  <ItemGroup>
    <MASM Include="communic\vmwrpc64.asm" />
    <MASM Include="kdimpl\nmibp.asm" />
    <MASM Include="prcb.asm" />
  </ItemGroup>
</Project>