<?xml version="1.0" encoding="utf-8"?>
<Project ToolsVersion="4.0" xmlns="http://schemas.microsoft.com/developer/msbuild/2003">
  <ItemGroup>
    <ClCompile Include="init.c" />
    <ClCompile Include="pdb.c" />
    <ClCompile Include="engine\gdb.c" />
    <ClCompile Include="commdev\pipe.c" />
    <ClCompile Include="commdev\socket.c" />
    <ClCompile Include="engine\kd.c" />
  </ItemGroup>
  <ItemGroup>
    <ClInclude Include="inc\kd.h" />
    <ClInclude Include="inc\gdb.h" />
    <ClInclude Include="inc\kdgdb.h" />
    <ClInclude Include="inc\dbgeng.h" />
  </ItemGroup>
</Project>